
Microsoft Visual Studio Solution File, Format Version 12.00
# Visual Studio 14
VisualStudioVersion = 14.0.24720.0
MinimumVisualStudioVersion = 10.0.40219.1
Project("{8BC9CEB8-8B4A-11D0-8D11-00A0C91BC942}") = "SfmDataGenerator", "SfmDataGenerator\SfmDataGenerator.vcxproj", "{A655326A-58B8-42B6-AFB3-0D9085ED2FA9}"
EndProject
Project("{FAE04EC0-301F-11D3-BF4B-00C04F79EFBC}") = "GUI", "GUI\GUI.csproj", "{7D4012A1-99CE-41AF-AFA7-6F81A1B2A142}"
EndProject
Global
	GlobalSection(SolutionConfigurationPlatforms) = preSolution
		Debug|Any CPU = Debug|Any CPU
		Debug|x64 = Debug|x64
		Debug|x86 = Debug|x86
		Release|Any CPU = Release|Any CPU
		Release|x64 = Release|x64
		Release|x86 = Release|x86
	EndGlobalSection
	GlobalSection(ProjectConfigurationPlatforms) = postSolution
		{A655326A-58B8-42B6-AFB3-0D9085ED2FA9}.Debug|Any CPU.ActiveCfg = Debug|Win32
		{A655326A-58B8-42B6-AFB3-0D9085ED2FA9}.Debug|x64.ActiveCfg = Debug|x64
		{A655326A-58B8-42B6-AFB3-0D9085ED2FA9}.Debug|x64.Build.0 = Debug|x64
		{A655326A-58B8-42B6-AFB3-0D9085ED2FA9}.Debug|x86.ActiveCfg = Debug|Win32
		{A655326A-58B8-42B6-AFB3-0D9085ED2FA9}.Debug|x86.Build.0 = Debug|Win32
		{A655326A-58B8-42B6-AFB3-0D9085ED2FA9}.Release|Any CPU.ActiveCfg = Release|Win32
		{A655326A-58B8-42B6-AFB3-0D9085ED2FA9}.Release|x64.ActiveCfg = Release|x64
		{A655326A-58B8-42B6-AFB3-0D9085ED2FA9}.Release|x64.Build.0 = Release|x64
		{A655326A-58B8-42B6-AFB3-0D9085ED2FA9}.Release|x86.ActiveCfg = Release|Win32
		{A655326A-58B8-42B6-AFB3-0D9085ED2FA9}.Release|x86.Build.0 = Release|Win32
		{7D4012A1-99CE-41AF-AFA7-6F81A1B2A142}.Debug|Any CPU.ActiveCfg = Debug|Any CPU
		{7D4012A1-99CE-41AF-AFA7-6F81A1B2A142}.Debug|Any CPU.Build.0 = Debug|Any CPU
		{7D4012A1-99CE-41AF-AFA7-6F81A1B2A142}.Debug|x64.ActiveCfg = Debug|Any CPU
		{7D4012A1-99CE-41AF-AFA7-6F81A1B2A142}.Debug|x64.Build.0 = Debug|Any CPU
		{7D4012A1-99CE-41AF-AFA7-6F81A1B2A142}.Debug|x86.ActiveCfg = Debug|Any CPU
		{7D4012A1-99CE-41AF-AFA7-6F81A1B2A142}.Debug|x86.Build.0 = Debug|Any CPU
		{7D4012A1-99CE-41AF-AFA7-6F81A1B2A142}.Release|Any CPU.ActiveCfg = Release|Any CPU
		{7D4012A1-99CE-41AF-AFA7-6F81A1B2A142}.Release|Any CPU.Build.0 = Release|Any CPU
		{7D4012A1-99CE-41AF-AFA7-6F81A1B2A142}.Release|x64.ActiveCfg = Release|Any CPU
		{7D4012A1-99CE-41AF-AFA7-6F81A1B2A142}.Release|x64.Build.0 = Release|Any CPU
		{7D4012A1-99CE-41AF-AFA7-6F81A1B2A142}.Release|x86.ActiveCfg = Release|Any CPU
		{7D4012A1-99CE-41AF-AFA7-6F81A1B2A142}.Release|x86.Build.0 = Release|Any CPU
	EndGlobalSection
	GlobalSection(SolutionProperties) = preSolution
		HideSolutionNode = FALSE
	EndGlobalSection
EndGlobal
